<?xml version="1.0" encoding="utf-8"?>
<Project ToolsVersion="4.0" xmlns="http://schemas.microsoft.com/developer/msbuild/2003">
  <ItemGroup>
    <Filter Include="Form Files">
      <UniqueIdentifier>{99349809-55BA-4b9d-BF79-8FDBB0286EB3}</UniqueIdentifier>
      <Extensions>ui</Extensions>
    </Filter>
    <Filter Include="Resource Files">
      <UniqueIdentifier>{D9D6E242-F8AF-46E4-B9FD-80ECBC20BA3E}</UniqueIdentifier>
      <Extensions>qrc;*</Extensions>
      <ParseFiles>false</ParseFiles>
    </Filter>
    <Filter Include="Generated Files">
      <UniqueIdentifier>{71ED8ED8-ACB9-4CE9-BBE1-E00B30144E11}</UniqueIdentifier>
      <Extensions>moc;h;cpp</Extensions>
      <SourceControlFiles>False</SourceControlFiles>
    </Filter>
    <Filter Include="Generated Files\Debug">
      <UniqueIdentifier>{79120c1d-7b11-4374-88aa-7af088f6cea8}</UniqueIdentifier>
      <Extensions>cpp;moc</Extensions>
      <SourceControlFiles>False</SourceControlFiles>
    </Filter>
    <Filter Include="Generated Files\Release">
      <UniqueIdentifier>{2808d10a-0e07-43d5-85c4-dee95d6bf32a}</UniqueIdentifier>
      <Extensions>cpp;moc</Extensions>
      <SourceControlFiles>False</SourceControlFiles>
    </Filter>
    <Filter Include="util">
      <UniqueIdentifier>{35a1c641-ce8c-4db5-88d1-e82b37bb2d65}</UniqueIdentifier>
    </Filter>
    <Filter Include="3D">
      <UniqueIdentifier>{9e128e0d-7acb-4537-b230-0b2a10b4c781}</UniqueIdentifier>
    </Filter>
    <Filter Include="GUI">
      <UniqueIdentifier>{8436782a-f05f-4190-b604-d9f2a144c11d}</UniqueIdentifier>
    </Filter>
    <Filter Include="3D\Objects">
      <UniqueIdentifier>{982da920-ff9f-4aa3-b0c3-60f7b59738be}</UniqueIdentifier>
    </Filter>
    <Filter Include="3D\Actors">
      <UniqueIdentifier>{8e1872ab-adb7-4ee9-b0f1-5ded05df2e3e}</UniqueIdentifier>
    </Filter>
    <Filter Include="GUI\Dialogs">
      <UniqueIdentifier>{8d67e9d7-2d24-46c8-88a3-be6091cafdfb}</UniqueIdentifier>
    </Filter>
    <Filter Include="3D\Shaders">
      <UniqueIdentifier>{87a6056b-bbc1-41fd-82f2-2250d2fbbfc0}</UniqueIdentifier>
    </Filter>
  </ItemGroup>
  <ItemGroup>
    <ClCompile Include="GeneratedFiles\Debug\moc_windsim.cpp">
      <Filter>Generated Files\Debug</Filter>
    </ClCompile>
    <ClCompile Include="GeneratedFiles\Release\moc_windsim.cpp">
      <Filter>Generated Files\Release</Filter>
    </ClCompile>
    <ClCompile Include="GeneratedFiles\qrc_windsim.cpp">
      <Filter>Generated Files</Filter>
    </ClCompile>
    <ClCompile Include="GeneratedFiles\Debug\moc_dx11widget.cpp">
      <Filter>Generated Files\Debug</Filter>
    </ClCompile>
    <ClCompile Include="GeneratedFiles\Release\moc_dx11widget.cpp">
      <Filter>Generated Files\Release</Filter>
    </ClCompile>
    <ClCompile Include="GeneratedFiles\Debug\moc_dx11renderer.cpp">
      <Filter>Generated Files\Debug</Filter>
    </ClCompile>
    <ClCompile Include="GeneratedFiles\Release\moc_dx11renderer.cpp">
      <Filter>Generated Files\Release</Filter>
    </ClCompile>
    <ClCompile Include="GeneratedFiles\Debug\moc_settingsDialog.cpp">
      <Filter>Generated Files\Debug</Filter>
    </ClCompile>
    <ClCompile Include="GeneratedFiles\Release\moc_settingsDialog.cpp">
      <Filter>Generated Files\Release</Filter>
    </ClCompile>
    <ClCompile Include="GeneratedFiles\Debug\moc_meshProperties.cpp">
      <Filter>Generated Files\Debug</Filter>
    </ClCompile>
    <ClCompile Include="GeneratedFiles\Release\moc_meshProperties.cpp">
      <Filter>Generated Files\Release</Filter>
    </ClCompile>
    <ClCompile Include="GeneratedFiles\Debug\moc_objectContainer.cpp">
      <Filter>Generated Files\Debug</Filter>
    </ClCompile>
    <ClCompile Include="GeneratedFiles\Release\moc_objectContainer.cpp">
      <Filter>Generated Files\Release</Filter>
    </ClCompile>
    <ClCompile Include="src\util\settings.cpp">
      <Filter>util</Filter>
    </ClCompile>
    <ClCompile Include="GeneratedFiles\Debug\moc_voxelGridProperties.cpp">
      <Filter>Generated Files\Debug</Filter>
    </ClCompile>
    <ClCompile Include="GeneratedFiles\Release\moc_voxelGridProperties.cpp">
      <Filter>Generated Files\Release</Filter>
    </ClCompile>
    <ClCompile Include="src\util\logger.cpp">
      <Filter>util</Filter>
    </ClCompile>
    <ClCompile Include="GeneratedFiles\Debug\moc_logger.cpp">
      <Filter>Generated Files\Debug</Filter>
    </ClCompile>
    <ClCompile Include="GeneratedFiles\Release\moc_logger.cpp">
      <Filter>Generated Files\Release</Filter>
    </ClCompile>
    <ClCompile Include="src\util\pipe.cpp">
      <Filter>util</Filter>
    </ClCompile>
    <ClCompile Include="src\3D\camera.cpp">
      <Filter>3D</Filter>
    </ClCompile>
    <ClCompile Include="src\3D\dx11renderer.cpp">
      <Filter>3D</Filter>
    </ClCompile>
    <ClCompile Include="src\3D\dynamics.cpp">
      <Filter>3D</Filter>
    </ClCompile>
    <ClCompile Include="src\3D\objectManager.cpp">
      <Filter>3D</Filter>
    </ClCompile>
    <ClCompile Include="src\3D\objLoader.cpp">
      <Filter>3D</Filter>
    </ClCompile>
    <ClCompile Include="src\3D\simulator.cpp">
      <Filter>3D</Filter>
    </ClCompile>
    <ClCompile Include="src\3D\transformMachine.cpp">
      <Filter>3D</Filter>
    </ClCompile>
    <ClCompile Include="src\GUI\commands.cpp">
      <Filter>GUI</Filter>
    </ClCompile>
    <ClCompile Include="src\GUI\dx11widget.cpp">
      <Filter>GUI</Filter>
    </ClCompile>
    <ClCompile Include="src\GUI\objectContainer.cpp">
      <Filter>GUI</Filter>
    </ClCompile>
    <ClCompile Include="src\GUI\objectItem.cpp">
      <Filter>GUI</Filter>
    </ClCompile>
    <ClCompile Include="src\GUI\project.cpp">
      <Filter>GUI</Filter>
    </ClCompile>
    <ClCompile Include="src\GUI\staticLogger.cpp">
      <Filter>GUI</Filter>
    </ClCompile>
    <ClCompile Include="src\GUI\windsim.cpp">
      <Filter>GUI</Filter>
    </ClCompile>
    <ClCompile Include="src\main.cpp" />
    <ClCompile Include="src\3D\axes.cpp">
      <Filter>3D\Objects</Filter>
    </ClCompile>
    <ClCompile Include="src\3D\marker.cpp">
      <Filter>3D\Objects</Filter>
    </ClCompile>
    <ClCompile Include="src\3D\mesh3D.cpp">
      <Filter>3D\Objects</Filter>
    </ClCompile>
    <ClCompile Include="src\3D\object3D.cpp">
      <Filter>3D\Objects</Filter>
    </ClCompile>
    <ClCompile Include="src\3D\sky.cpp">
      <Filter>3D\Objects</Filter>
    </ClCompile>
    <ClCompile Include="src\3D\voxelGrid.cpp">
      <Filter>3D\Objects</Filter>
    </ClCompile>
    <ClCompile Include="src\3D\axesActor.cpp">
      <Filter>3D\Actors</Filter>
    </ClCompile>
    <ClCompile Include="src\3D\markerActor.cpp">
      <Filter>3D\Actors</Filter>
    </ClCompile>
    <ClCompile Include="src\3D\meshActor.cpp">
      <Filter>3D\Actors</Filter>
    </ClCompile>
    <ClCompile Include="src\3D\skyActor.cpp">
      <Filter>3D\Actors</Filter>
    </ClCompile>
    <ClCompile Include="src\3D\voxelGridActor.cpp">
      <Filter>3D\Actors</Filter>
    </ClCompile>
    <ClCompile Include="src\3D\actor.cpp">
      <Filter>3D\Actors</Filter>
    </ClCompile>
    <ClCompile Include="src\GUI\voxelGridInputDialog.cpp">
      <Filter>GUI\Dialogs</Filter>
    </ClCompile>
    <ClCompile Include="src\GUI\settingsDialog.cpp">
      <Filter>GUI\Dialogs</Filter>
    </ClCompile>
    <ClCompile Include="src\GUI\meshProperties.cpp">
      <Filter>GUI\Dialogs</Filter>
    </ClCompile>
    <ClCompile Include="src\GUI\voxelGridProperties.cpp">
      <Filter>GUI\Dialogs</Filter>
    </ClCompile>
    <ClCompile Include="GeneratedFiles\Debug\moc_simulator.cpp">
      <Filter>Generated Files\Debug</Filter>
    </ClCompile>
    <ClCompile Include="GeneratedFiles\Release\moc_simulator.cpp">
      <Filter>Generated Files\Release</Filter>
    </ClCompile>
    <ClCompile Include="GeneratedFiles\Debug\moc_voxelGrid.cpp">
      <Filter>Generated Files\Debug</Filter>
    </ClCompile>
    <ClCompile Include="GeneratedFiles\Release\moc_voxelGrid.cpp">
      <Filter>Generated Files\Release</Filter>
    </ClCompile>
    <ClCompile Include="GeneratedFiles\Debug\moc_voxelGridInputDialog.cpp">
      <Filter>Generated Files\Debug</Filter>
    </ClCompile>
    <ClCompile Include="GeneratedFiles\Debug\moc_textOverlay.cpp">
      <Filter>Generated Files\Debug</Filter>
    </ClCompile>
    <ClCompile Include="GeneratedFiles\Release\moc_textOverlay.cpp">
      <Filter>Generated Files\Release</Filter>
    </ClCompile>
    <ClCompile Include="src\GUI\textOverlay.cpp">
      <Filter>GUI</Filter>
    </ClCompile>
    <ClCompile Include="src\3D\volumeRenderer.cpp">
      <Filter>3D</Filter>
    </ClCompile>
    <ClCompile Include="src\3D\depthStencil.cpp">
      <Filter>3D</Filter>
    </ClCompile>
    <ClCompile Include="GeneratedFiles\Debug\moc_transferFunctionEditor.cpp">
      <Filter>Generated Files\Debug</Filter>
    </ClCompile>
    <ClCompile Include="GeneratedFiles\Release\moc_transferFunctionEditor.cpp">
      <Filter>Generated Files\Release</Filter>
    </ClCompile>
    <ClCompile Include="src\GUI\transferFunctionEditor.cpp">
      <Filter>GUI</Filter>
    </ClCompile>
    <ClCompile Include="src\util\transferFunction.cpp">
      <Filter>util</Filter>
    </ClCompile>
  </ItemGroup>
  <ItemGroup>
    <CustomBuild Include="src\GUI\ui\windsim.ui">
      <Filter>Form Files</Filter>
    </CustomBuild>
    <CustomBuild Include="src\GUI\ui\settings.ui">
      <Filter>Form Files</Filter>
    </CustomBuild>
    <CustomBuild Include="src\GUI\ui\meshProperties.ui">
      <Filter>Form Files</Filter>
    </CustomBuild>
    <CustomBuild Include="windsim.qrc">
      <Filter>Resource Files</Filter>
    </CustomBuild>
    <CustomBuild Include="src\GUI\ui\voxelGridInput.ui">
      <Filter>Form Files</Filter>
    </CustomBuild>
    <CustomBuild Include="src\GUI\ui\voxelGridProperties.ui">
      <Filter>Form Files</Filter>
    </CustomBuild>
    <CustomBuild Include="src\util\logger.h">
      <Filter>util</Filter>
    </CustomBuild>
    <CustomBuild Include="src\3D\dx11renderer.h">
      <Filter>3D</Filter>
    </CustomBuild>
    <CustomBuild Include="src\GUI\dx11widget.h">
      <Filter>GUI</Filter>
    </CustomBuild>
    <CustomBuild Include="src\GUI\objectContainer.h">
      <Filter>GUI</Filter>
    </CustomBuild>
    <CustomBuild Include="src\GUI\windsim.h">
      <Filter>GUI</Filter>
    </CustomBuild>
    <CustomBuild Include="src\GUI\settingsDialog.h">
      <Filter>GUI\Dialogs</Filter>
    </CustomBuild>
    <CustomBuild Include="src\GUI\meshProperties.h">
      <Filter>GUI\Dialogs</Filter>
    </CustomBuild>
    <CustomBuild Include="src\GUI\voxelGridProperties.h">
      <Filter>GUI\Dialogs</Filter>
    </CustomBuild>
    <CustomBuild Include="src\3D\simulator.h">
      <Filter>3D</Filter>
    </CustomBuild>
    <CustomBuild Include="src\3D\voxelGrid.h">
      <Filter>3D\Objects</Filter>
    </CustomBuild>
    <CustomBuild Include="src\GUI\voxelGridInputDialog.h">
      <Filter>GUI\Dialogs</Filter>
    </CustomBuild>
    <CustomBuild Include="src\GUI\textOverlay.h">
      <Filter>GUI</Filter>
    </CustomBuild>
    <CustomBuild Include="src\GUI\transferFunctionEditor.h">
      <Filter>GUI</Filter>
    </CustomBuild>
  </ItemGroup>
  <ItemGroup>
    <ClInclude Include="GeneratedFiles\ui_windsim.h">
      <Filter>Generated Files</Filter>
    </ClInclude>
    <ClInclude Include="GeneratedFiles\ui_settings.h">
      <Filter>Generated Files</Filter>
    </ClInclude>
    <ClInclude Include="GeneratedFiles\ui_meshProperties.h">
      <Filter>Generated Files</Filter>
    </ClInclude>
    <ClInclude Include="src\util\common.h">
      <Filter>util</Filter>
    </ClInclude>
    <ClInclude Include="src\util\libini.hpp">
      <Filter>util</Filter>
    </ClInclude>
    <ClInclude Include="src\util\settings.h">
      <Filter>util</Filter>
    </ClInclude>
    <ClInclude Include="GeneratedFiles\ui_voxelGridInput.h">
      <Filter>Generated Files</Filter>
    </ClInclude>
    <ClInclude Include="GeneratedFiles\ui_voxelGridProperties.h">
      <Filter>Generated Files</Filter>
    </ClInclude>
    <ClInclude Include="src\util\metaTypes.h">
      <Filter>util</Filter>
    </ClInclude>
    <ClInclude Include="src\util\msgDef.h">
      <Filter>util</Filter>
    </ClInclude>
    <ClInclude Include="src\util\pipe.h">
      <Filter>util</Filter>
    </ClInclude>
    <ClInclude Include="src\3D\camera.h">
      <Filter>3D</Filter>
    </ClInclude>
    <ClInclude Include="src\3D\dynamics.h">
      <Filter>3D</Filter>
    </ClInclude>
    <ClInclude Include="src\3D\intersection.h">
      <Filter>3D</Filter>
    </ClInclude>
    <ClInclude Include="src\3D\objectManager.h">
      <Filter>3D</Filter>
    </ClInclude>
    <ClInclude Include="src\3D\objLoader.h">
      <Filter>3D</Filter>
    </ClInclude>
    <ClInclude Include="src\3D\transformMachine.h">
      <Filter>3D</Filter>
    </ClInclude>
    <ClInclude Include="src\GUI\commands.h">
      <Filter>GUI</Filter>
    </ClInclude>
    <ClInclude Include="src\GUI\objectItem.h">
      <Filter>GUI</Filter>
    </ClInclude>
    <ClInclude Include="src\GUI\project.h">
      <Filter>GUI</Filter>
    </ClInclude>
    <ClInclude Include="src\GUI\staticLogger.h">
      <Filter>GUI</Filter>
    </ClInclude>
    <ClInclude Include="src\3D\axes.h">
      <Filter>3D\Objects</Filter>
    </ClInclude>
    <ClInclude Include="src\3D\marker.h">
      <Filter>3D\Objects</Filter>
    </ClInclude>
    <ClInclude Include="src\3D\mesh3D.h">
      <Filter>3D\Objects</Filter>
    </ClInclude>
    <ClInclude Include="src\3D\object3D.h">
      <Filter>3D\Objects</Filter>
    </ClInclude>
    <ClInclude Include="src\3D\sky.h">
      <Filter>3D\Objects</Filter>
    </ClInclude>
    <ClInclude Include="src\3D\axesActor.h">
      <Filter>3D\Actors</Filter>
    </ClInclude>
    <ClInclude Include="src\3D\markerActor.h">
      <Filter>3D\Actors</Filter>
    </ClInclude>
    <ClInclude Include="src\3D\meshActor.h">
      <Filter>3D\Actors</Filter>
    </ClInclude>
    <ClInclude Include="src\3D\skyActor.h">
      <Filter>3D\Actors</Filter>
    </ClInclude>
    <ClInclude Include="src\3D\voxelGridActor.h">
      <Filter>3D\Actors</Filter>
    </ClInclude>
    <ClInclude Include="src\3D\actor.h">
      <Filter>3D\Actors</Filter>
    </ClInclude>
    <ClInclude Include="src\3D\volumeRenderer.h">
      <Filter>3D</Filter>
    </ClInclude>
    <ClInclude Include="src\3D\depthStencil.h">
      <Filter>3D</Filter>
    </ClInclude>
    <ClInclude Include="src\util\transferFunction.h">
      <Filter>util</Filter>
    </ClInclude>
    <ClInclude Include="src\3D\volInt.h">
      <Filter>3D</Filter>
    </ClInclude>
  </ItemGroup>
  <ItemGroup>
    <FxCompile Include="src\3D\shaders\axes.fx">
      <Filter>3D\Shaders</Filter>
    </FxCompile>
    <FxCompile Include="src\3D\shaders\sky.fx">
      <Filter>3D\Shaders</Filter>
    </FxCompile>
    <FxCompile Include="src\3D\shaders\mesh.fx">
      <Filter>3D\Shaders</Filter>
    </FxCompile>
    <FxCompile Include="src\3D\shaders\marker.fx">
      <Filter>3D\Shaders</Filter>
    </FxCompile>
    <FxCompile Include="src\3D\shaders\common.fx">
      <Filter>3D\Shaders</Filter>
    </FxCompile>
    <FxCompile Include="src\3D\shaders\voxelGrid.fx">
      <Filter>3D\Shaders</Filter>
    </FxCompile>
    <FxCompile Include="src\3D\shaders\dynamics.fx">
      <Filter>3D\Shaders</Filter>
    </FxCompile>
    <FxCompile Include="src\3D\shaders\volume.fx">
      <Filter>3D\Shaders</Filter>
    </FxCompile>
  </ItemGroup>
</Project>